
Microsoft Visual Studio Solution File, Format Version 12.00
# Visual Studio Version 17
VisualStudioVersion = 17.13.35818.85 d17.13
MinimumVisualStudioVersion = 10.0.40219.1
Project("{FAE04EC0-301F-11D3-BF4B-00C04F79EFBC}") = "BirthDate", "BirthDate\BirthDate.csproj", "{ECB16283-E9AE-4F18-B8D3-935E2CFB8452}"
EndProject
Global
	GlobalSection(SolutionConfigurationPlatforms) = preSolution
		Debug|Any CPU = Debug|Any CPU
		Release|Any CPU = Release|Any CPU
	EndGlobalSection
	GlobalSection(ProjectConfigurationPlatforms) = postSolution
		{ECB16283-E9AE-4F18-B8D3-935E2CFB8452}.Debug|Any CPU.ActiveCfg = Debug|Any CPU
		{ECB16283-E9AE-4F18-B8D3-935E2CFB8452}.Debug|Any CPU.Build.0 = Debug|Any CPU
		{ECB16283-E9AE-4F18-B8D3-935E2CFB8452}.Release|Any CPU.ActiveCfg = Release|Any CPU
		{ECB16283-E9AE-4F18-B8D3-935E2CFB8452}.Release|Any CPU.Build.0 = Release|Any CPU
	EndGlobalSection
	GlobalSection(SolutionProperties) = preSolution
		HideSolutionNode = FALSE
	EndGlobalSection
	GlobalSection(ExtensibilityGlobals) = postSolution
		SolutionGuid = {346989A6-B690-4378-9BD5-491EA3ABAEE6}
	EndGlobalSection
EndGlobal
